
Microsoft Visual Studio Solution File, Format Version 12.00
# Visual Studio 15
VisualStudioVersion = 15.0.28307.902
MinimumVisualStudioVersion = 10.0.40219.1
Project("{FAE04EC0-301F-11D3-BF4B-00C04F79EFBC}") = "Sonic_Boost", "Sonic_Boost\Sonic_Boost.csproj", "{A879015F-A5B7-460D-9F84-979F518B42DB}"
EndProject
Global
	GlobalSection(SolutionConfigurationPlatforms) = preSolution
		Debug|x86 = Debug|x86
		Release|x86 = Release|x86
	EndGlobalSection
	GlobalSection(ProjectConfigurationPlatforms) = postSolution
		{A879015F-A5B7-460D-9F84-979F518B42DB}.Debug|x86.ActiveCfg = Debug|x86
		{A879015F-A5B7-460D-9F84-979F518B42DB}.Debug|x86.Build.0 = Debug|x86
		{A879015F-A5B7-460D-9F84-979F518B42DB}.Release|x86.ActiveCfg = Release|x86
		{A879015F-A5B7-460D-9F84-979F518B42DB}.Release|x86.Build.0 = Release|x86
	EndGlobalSection
	GlobalSection(SolutionProperties) = preSolution
		HideSolutionNode = FALSE
	EndGlobalSection
	GlobalSection(ExtensibilityGlobals) = postSolution
		SolutionGuid = {AEC7CBA9-1271-433C-823D-277DC8BCB7ED}
	EndGlobalSection
EndGlobal
